{
  "name": "nixpkgs-ruby-updater",
  "version": "1.0.0",
  "lockfileVersion": 2,
  "requires": true,
  "packages": {
    "": {
      "name": "nixpkgs-ruby-updater",
      "version": "1.0.0",
      "license": "ISC",
      "dependencies": {
        "mz": "^2.7.0",
        "nijs": "0.0.25",
        "node-fetch": "^2.1.2",
        "request-promise-native": "^1.0.5"
      },
      "devDependencies": {}
    },
    "node_modules/any-promise": {
      "version": "1.3.0",
      "resolved": "https://registry.npmjs.org/any-promise/-/any-promise-1.3.0.tgz",
      "integrity": "sha1-q8av7tzqUugJzcA3au0845Y10X8="
    },
    "node_modules/lodash": {
      "version": "4.17.5",
      "resolved": "https://registry.npmjs.org/lodash/-/lodash-4.17.5.tgz",
      "integrity": "sha512-svL3uiZf1RwhH+cWrfZn3A4+U58wbP0tGVTLQPbjplZxZ8ROD9VLuNgsRniTlLe7OlSqR79RUehXgpBW/s0IQw=="
    },
    "node_modules/mz": {
      "version": "2.7.0",
      "resolved": "https://registry.npmjs.org/mz/-/mz-2.7.0.tgz",
      "integrity": "sha512-z81GNO7nnYMEhrGh9LeymoE4+Yr0Wn5McHIZMK5cfQCl+NDX08sCZgUc9/6MHni9IWuFLm1Z3HTCXu2z9fN62Q==",
      "dependencies": {
        "any-promise": "^1.0.0",
        "object-assign": "^4.0.1",
        "thenify-all": "^1.0.0"
      }
    },
    "node_modules/nijs": {
      "version": "0.0.25",
      "resolved": "https://registry.npmjs.org/nijs/-/nijs-0.0.25.tgz",
      "integrity": "sha1-BLA1y1MNRoWdEBiDmlGMApEz9nY=",
      "dependencies": {
        "optparse": ">= 1.0.3",
        "slasp": "0.0.4"
      },
      "bin": {
        "nijs-build": "bin/nijs-build.js",
        "nijs-execute": "bin/nijs-execute.js"
      }
    },
    "node_modules/node-fetch": {
      "version": "2.1.2",
      "resolved": "https://registry.npmjs.org/node-fetch/-/node-fetch-2.1.2.tgz",
      "integrity": "sha1-q4hOjn5X44qUR1POxwb3iNF2i7U=",
      "engines": {
        "node": "4.x || >=6.0.0"
      }
    },
    "node_modules/object-assign": {
      "version": "4.1.1",
      "resolved": "https://registry.npmjs.org/object-assign/-/object-assign-4.1.1.tgz",
      "integrity": "sha1-IQmtx5ZYh8/AXLvUQsrIv7s2CGM=",
      "engines": {
        "node": ">=0.10.0"
      }
    },
    "node_modules/optparse": {
      "version": "1.0.5",
      "resolved": "https://registry.npmjs.org/optparse/-/optparse-1.0.5.tgz",
      "integrity": "sha1-dedallBmEescZbqJAY/wipgeLBY="
    },
    "node_modules/punycode": {
      "version": "1.4.1",
      "resolved": "https://registry.npmjs.org/punycode/-/punycode-1.4.1.tgz",
      "integrity": "sha1-wNWmOycYgArY4esPpSachN1BhF4="
    },
    "node_modules/request-promise-core": {
      "version": "1.1.1",
      "resolved": "https://registry.npmjs.org/request-promise-core/-/request-promise-core-1.1.1.tgz",
      "integrity": "sha1-Pu4AssWqgyOc+wTFcA2jb4HNCLY=",
      "dependencies": {
        "lodash": "^4.13.1"
      },
      "engines": {
        "node": ">=0.10.0"
      },
      "peerDependencies": {
        "request": "^2.34"
      }
    },
    "node_modules/request-promise-native": {
      "version": "1.0.5",
      "resolved": "https://registry.npmjs.org/request-promise-native/-/request-promise-native-1.0.5.tgz",
      "integrity": "sha1-UoF3D2jgyXGeUWP9P6tIIhX0/aU=",
      "deprecated": "request-promise-native has been deprecated because it extends the now deprecated request package, see https://github.com/request/request/issues/3142",
      "dependencies": {
        "request-promise-core": "1.1.1",
        "stealthy-require": "^1.1.0",
        "tough-cookie": ">=2.3.3"
      },
      "engines": {
        "node": ">=0.12.0"
      },
      "peerDependencies": {
        "request": "^2.34"
      }
    },
    "node_modules/slasp": {
      "version": "0.0.4",
      "resolved": "https://registry.npmjs.org/slasp/-/slasp-0.0.4.tgz",
      "integrity": "sha1-mtwm7nKaD5UJWFGlSJ+HpSWNV6k="
    },
    "node_modules/stealthy-require": {
      "version": "1.1.1",
      "resolved": "https://registry.npmjs.org/stealthy-require/-/stealthy-require-1.1.1.tgz",
      "integrity": "sha1-NbCYdbT/SfJqd35QmzCQoyJr8ks=",
      "engines": {
        "node": ">=0.10.0"
      }
    },
    "node_modules/thenify": {
      "version": "3.3.0",
      "resolved": "https://registry.npmjs.org/thenify/-/thenify-3.3.0.tgz",
      "integrity": "sha1-5p44obq+lpsBCCB5eLn2K4hgSDk=",
      "dependencies": {
        "any-promise": "^1.0.0"
      }
    },
    "node_modules/thenify-all": {
      "version": "1.6.0",
      "resolved": "https://registry.npmjs.org/thenify-all/-/thenify-all-1.6.0.tgz",
      "integrity": "sha1-GhkY1ALY/D+Y+/I02wvMjMEOlyY=",
      "dependencies": {
        "thenify": ">= 3.1.0 < 4"
      },
      "engines": {
        "node": ">=0.8"
      }
    },
    "node_modules/tough-cookie": {
      "version": "2.3.4",
      "resolved": "https://registry.npmjs.org/tough-cookie/-/tough-cookie-2.3.4.tgz",
      "integrity": "sha512-TZ6TTfI5NtZnuyy/Kecv+CnoROnyXn2DN97LontgQpCwsX2XyLYCC0ENhYkehSOwAp8rTQKc/NUIF7BkQ5rKLA==",
      "dependencies": {
        "punycode": "^1.4.1"
      },
      "engines": {
        "node": ">=0.8"
      }
    }
  },
  "dependencies": {
    "any-promise": {
      "version": "1.3.0",
      "resolved": "https://registry.npmjs.org/any-promise/-/any-promise-1.3.0.tgz",
      "integrity": "sha1-q8av7tzqUugJzcA3au0845Y10X8="
    },
    "lodash": {
      "version": "4.17.5",
      "resolved": "https://registry.npmjs.org/lodash/-/lodash-4.17.5.tgz",
      "integrity": "sha512-svL3uiZf1RwhH+cWrfZn3A4+U58wbP0tGVTLQPbjplZxZ8ROD9VLuNgsRniTlLe7OlSqR79RUehXgpBW/s0IQw=="
    },
    "mz": {
      "version": "2.7.0",
      "resolved": "https://registry.npmjs.org/mz/-/mz-2.7.0.tgz",
      "integrity": "sha512-z81GNO7nnYMEhrGh9LeymoE4+Yr0Wn5McHIZMK5cfQCl+NDX08sCZgUc9/6MHni9IWuFLm1Z3HTCXu2z9fN62Q==",
      "requires": {
        "any-promise": "^1.0.0",
        "object-assign": "^4.0.1",
        "thenify-all": "^1.0.0"
      }
    },
    "nijs": {
      "version": "0.0.25",
      "resolved": "https://registry.npmjs.org/nijs/-/nijs-0.0.25.tgz",
      "integrity": "sha1-BLA1y1MNRoWdEBiDmlGMApEz9nY=",
      "requires": {
        "optparse": ">= 1.0.3",
        "slasp": "0.0.4"
      }
    },
    "node-fetch": {
      "version": "2.1.2",
      "resolved": "https://registry.npmjs.org/node-fetch/-/node-fetch-2.1.2.tgz",
      "integrity": "sha1-q4hOjn5X44qUR1POxwb3iNF2i7U="
    },
    "object-assign": {
      "version": "4.1.1",
      "resolved": "https://registry.npmjs.org/object-assign/-/object-assign-4.1.1.tgz",
      "integrity": "sha1-IQmtx5ZYh8/AXLvUQsrIv7s2CGM="
    },
    "optparse": {
      "version": "1.0.5",
      "resolved": "https://registry.npmjs.org/optparse/-/optparse-1.0.5.tgz",
      "integrity": "sha1-dedallBmEescZbqJAY/wipgeLBY="
    },
    "punycode": {
      "version": "1.4.1",
      "resolved": "https://registry.npmjs.org/punycode/-/punycode-1.4.1.tgz",
      "integrity": "sha1-wNWmOycYgArY4esPpSachN1BhF4="
    },
    "request-promise-core": {
      "version": "1.1.1",
      "resolved": "https://registry.npmjs.org/request-promise-core/-/request-promise-core-1.1.1.tgz",
      "integrity": "sha1-Pu4AssWqgyOc+wTFcA2jb4HNCLY=",
      "requires": {
        "lodash": "^4.13.1"
      }
    },
    "request-promise-native": {
      "version": "1.0.5",
      "resolved": "https://registry.npmjs.org/request-promise-native/-/request-promise-native-1.0.5.tgz",
      "integrity": "sha1-UoF3D2jgyXGeUWP9P6tIIhX0/aU=",
      "requires": {
        "request-promise-core": "1.1.1",
        "stealthy-require": "^1.1.0",
        "tough-cookie": ">=2.3.3"
      }
    },
    "slasp": {
      "version": "0.0.4",
      "resolved": "https://registry.npmjs.org/slasp/-/slasp-0.0.4.tgz",
      "integrity": "sha1-mtwm7nKaD5UJWFGlSJ+HpSWNV6k="
    },
    "stealthy-require": {
      "version": "1.1.1",
      "resolved": "https://registry.npmjs.org/stealthy-require/-/stealthy-require-1.1.1.tgz",
      "integrity": "sha1-NbCYdbT/SfJqd35QmzCQoyJr8ks="
    },
    "thenify": {
      "version": "3.3.0",
      "resolved": "https://registry.npmjs.org/thenify/-/thenify-3.3.0.tgz",
      "integrity": "sha1-5p44obq+lpsBCCB5eLn2K4hgSDk=",
      "requires": {
        "any-promise": "^1.0.0"
      }
    },
    "thenify-all": {
      "version": "1.6.0",
      "resolved": "https://registry.npmjs.org/thenify-all/-/thenify-all-1.6.0.tgz",
      "integrity": "sha1-GhkY1ALY/D+Y+/I02wvMjMEOlyY=",
      "requires": {
        "thenify": ">= 3.1.0 < 4"
      }
    },
    "tough-cookie": {
      "version": "2.3.4",
      "resolved": "https://registry.npmjs.org/tough-cookie/-/tough-cookie-2.3.4.tgz",
      "integrity": "sha512-TZ6TTfI5NtZnuyy/Kecv+CnoROnyXn2DN97LontgQpCwsX2XyLYCC0ENhYkehSOwAp8rTQKc/NUIF7BkQ5rKLA==",
      "requires": {
        "punycode": "^1.4.1"
      }
    }
  }
}
